{
  "name": "nvimls",
  "version": "1.0.0",
  "lockfileVersion": 3,
  "requires": true,
  "packages": {
    "": {
      "name": "nvimls",
      "version": "1.0.0",
      "license": "ISC",
      "dependencies": {
        "@tree-sitter-grammars/tree-sitter-lua": "^0.1.0",
        "tree-sitter": "^0.21.1"
      },
      "bin": {
        "nvimls": "bin/nvimls"
      },
      "devDependencies": {
        "@types/node": "^20.12.2",
        "typescript": "^5.4.3"
      }
    },
    "node_modules/@tree-sitter-grammars/tree-sitter-lua": {
      "version": "0.1.0",
      "resolved": "https://registry.npmjs.org/@tree-sitter-grammars/tree-sitter-lua/-/tree-sitter-lua-0.1.0.tgz",
      "integrity": "sha512-WmyU+fz+K6YApkMH/ZmS+H/1M3JvVgWRkOMHXJEBU3cCrmvY5u3/8eB87xLRm9lmVkxaPurakjmDgdRUI7Tipg==",
      "hasInstallScript": true,
      "dependencies": {
        "node-addon-api": "^7.1.0",
        "node-gyp-build": "^4.8.0"
      },
      "peerDependencies": {
        "tree-sitter": "^0.21.0"
      },
      "peerDependenciesMeta": {
        "tree_sitter": {
          "optional": true
        }
      }
    },
    "node_modules/@tree-sitter-grammars/tree-sitter-lua/node_modules/node-addon-api": {
      "version": "7.1.0",
      "resolved": "https://registry.npmjs.org/node-addon-api/-/node-addon-api-7.1.0.tgz",
      "integrity": "sha512-mNcltoe1R8o7STTegSOHdnJNN7s5EUvhoS7ShnTHDyOSd+8H+UdWODq6qSv67PjC8Zc5JRT8+oLAMCr0SIXw7g==",
      "engines": {
        "node": "^16 || ^18 || >= 20"
      }
    },
    "node_modules/@types/node": {
      "version": "20.12.5",
      "resolved": "https://registry.npmjs.org/@types/node/-/node-20.12.5.tgz",
      "integrity": "sha512-BD+BjQ9LS/D8ST9p5uqBxghlN+S42iuNxjsUGjeZobe/ciXzk2qb1B6IXc6AnRLS+yFJRpN2IPEHMzwspfDJNw==",
      "dev": true,
      "dependencies": {
        "undici-types": "~5.26.4"
      }
    },
    "node_modules/node-addon-api": {
      "version": "8.0.0",
      "resolved": "https://registry.npmjs.org/node-addon-api/-/node-addon-api-8.0.0.tgz",
      "integrity": "sha512-ipO7rsHEBqa9STO5C5T10fj732ml+5kLN1cAG8/jdHd56ldQeGj3Q7+scUS+VHK/qy1zLEwC4wMK5+yM0btPvw==",
      "engines": {
        "node": "^18 || ^20 || >= 21"
      }
    },
    "node_modules/node-gyp-build": {
      "version": "4.8.0",
      "resolved": "https://registry.npmjs.org/node-gyp-build/-/node-gyp-build-4.8.0.tgz",
      "integrity": "sha512-u6fs2AEUljNho3EYTJNBfImO5QTo/J/1Etd+NVdCj7qWKUSN/bSLkZwhDv7I+w/MSC6qJ4cknepkAYykDdK8og==",
      "bin": {
        "node-gyp-build": "bin.js",
        "node-gyp-build-optional": "optional.js",
        "node-gyp-build-test": "build-test.js"
      }
    },
    "node_modules/tree-sitter": {
      "version": "0.21.1",
      "resolved": "https://registry.npmjs.org/tree-sitter/-/tree-sitter-0.21.1.tgz",
      "integrity": "sha512-7dxoA6kYvtgWw80265MyqJlkRl4yawIjO7S5MigytjELkX43fV2WsAXzsNfO7sBpPPCF5Gp0+XzHk0DwLCq3xQ==",
      "hasInstallScript": true,
      "dependencies": {
        "node-addon-api": "^8.0.0",
        "node-gyp-build": "^4.8.0"
      }
    },
    "node_modules/typescript": {
      "version": "5.4.4",
      "resolved": "https://registry.npmjs.org/typescript/-/typescript-5.4.4.tgz",
      "integrity": "sha512-dGE2Vv8cpVvw28v8HCPqyb08EzbBURxDpuhJvTrusShUfGnhHBafDsLdS1EhhxyL6BJQE+2cT3dDPAv+MQ6oLw==",
      "dev": true,
      "bin": {
        "tsc": "bin/tsc",
        "tsserver": "bin/tsserver"
      },
      "engines": {
        "node": ">=14.17"
      }
    },
    "node_modules/undici-types": {
      "version": "5.26.5",
      "resolved": "https://registry.npmjs.org/undici-types/-/undici-types-5.26.5.tgz",
      "integrity": "sha512-JlCMO+ehdEIKqlFxk6IfVoAUVmgz7cU7zD/h9XZ0qzeosSHmUJVOzSQvvYSYWXkFXC+IfLKSIffhv0sVZup6pA==",
      "dev": true
    }
  }
}
